
Microsoft Visual Studio Solution File, Format Version 12.00
# Visual Studio Version 17
VisualStudioVersion = 17.0.31903.59
MinimumVisualStudioVersion = 10.0.40219.1
Project("{FAE04EC0-301F-11D3-BF4B-00C04F79EFBC}") = "DemoConsoleApp", "DemoConsoleApp\DemoConsoleApp.csproj", "{5DEAA397-48F5-4527-B74C-19B36B23CAC9}"
EndProject
Project("{FAE04EC0-301F-11D3-BF4B-00C04F79EFBC}") = "Services", "Services\Services.csproj", "{6CEC2D90-F24E-44EC-B4EE-24A255A5A261}"
EndProject
Project("{FAE04EC0-301F-11D3-BF4B-00C04F79EFBC}") = "Services.Tests", "Services.Tests\Services.Tests.csproj", "{3570EB76-8ECA-472C-B667-8597F450FA23}"
EndProject
Global
	GlobalSection(SolutionConfigurationPlatforms) = preSolution
		Debug|Any CPU = Debug|Any CPU
		Release|Any CPU = Release|Any CPU
	EndGlobalSection
	GlobalSection(SolutionProperties) = preSolution
		HideSolutionNode = FALSE
	EndGlobalSection
	GlobalSection(ProjectConfigurationPlatforms) = postSolution
		{5DEAA397-48F5-4527-B74C-19B36B23CAC9}.Debug|Any CPU.ActiveCfg = Debug|Any CPU
		{5DEAA397-48F5-4527-B74C-19B36B23CAC9}.Debug|Any CPU.Build.0 = Debug|Any CPU
		{5DEAA397-48F5-4527-B74C-19B36B23CAC9}.Release|Any CPU.ActiveCfg = Release|Any CPU
		{5DEAA397-48F5-4527-B74C-19B36B23CAC9}.Release|Any CPU.Build.0 = Release|Any CPU
		{6CEC2D90-F24E-44EC-B4EE-24A255A5A261}.Debug|Any CPU.ActiveCfg = Debug|Any CPU
		{6CEC2D90-F24E-44EC-B4EE-24A255A5A261}.Debug|Any CPU.Build.0 = Debug|Any CPU
		{6CEC2D90-F24E-44EC-B4EE-24A255A5A261}.Release|Any CPU.ActiveCfg = Release|Any CPU
		{6CEC2D90-F24E-44EC-B4EE-24A255A5A261}.Release|Any CPU.Build.0 = Release|Any CPU
		{3570EB76-8ECA-472C-B667-8597F450FA23}.Debug|Any CPU.ActiveCfg = Debug|Any CPU
		{3570EB76-8ECA-472C-B667-8597F450FA23}.Debug|Any CPU.Build.0 = Debug|Any CPU
		{3570EB76-8ECA-472C-B667-8597F450FA23}.Release|Any CPU.ActiveCfg = Release|Any CPU
		{3570EB76-8ECA-472C-B667-8597F450FA23}.Release|Any CPU.Build.0 = Release|Any CPU
	EndGlobalSection
EndGlobal
